
Microsoft Visual Studio Solution File, Format Version 12.00
# Visual Studio Version 16
VisualStudioVersion = 16.0.31205.134
MinimumVisualStudioVersion = 10.0.40219.1
Project("{FAE04EC0-301F-11D3-BF4B-00C04F79EFBC}") = "ExplanyBot", "ExplanyBot\ExplanyBot.csproj", "{7919E99F-16BC-4252-A82B-3804BE654CFA}"
EndProject
Global
	GlobalSection(SolutionConfigurationPlatforms) = preSolution
		Debug|Any CPU = Debug|Any CPU
		Release|Any CPU = Release|Any CPU
	EndGlobalSection
	GlobalSection(ProjectConfigurationPlatforms) = postSolution
		{7919E99F-16BC-4252-A82B-3804BE654CFA}.Debug|Any CPU.ActiveCfg = Debug|Any CPU
		{7919E99F-16BC-4252-A82B-3804BE654CFA}.Debug|Any CPU.Build.0 = Debug|Any CPU
		{7919E99F-16BC-4252-A82B-3804BE654CFA}.Release|Any CPU.ActiveCfg = Release|Any CPU
		{7919E99F-16BC-4252-A82B-3804BE654CFA}.Release|Any CPU.Build.0 = Release|Any CPU
	EndGlobalSection
	GlobalSection(SolutionProperties) = preSolution
		HideSolutionNode = FALSE
	EndGlobalSection
	GlobalSection(ExtensibilityGlobals) = postSolution
		SolutionGuid = {0FE03E81-2F8C-40EF-8897-B343307ACD0C}
	EndGlobalSection
EndGlobal
